// !$*UTF8*$!
{
	archiveVersion = 1;
	classes = {
	};
	objectVersion = 56;
	objects = {

/* Begin PBXBuildFile section */
		8446E6FA290A8D03003AED10 /* AppDelegate.swift in Sources */ = {isa = PBXBuildFile; fileRef = 8446E6F9290A8D03003AED10 /* AppDelegate.swift */; };
		8446E703290A8D04003AED10 /* Assets.xcassets in Resources */ = {isa = PBXBuildFile; fileRef = 8446E702290A8D04003AED10 /* Assets.xcassets */; };
		8446E711290A8D04003AED10 /* Shop_TryTests.swift in Sources */ = {isa = PBXBuildFile; fileRef = 8446E710290A8D04003AED10 /* Shop_TryTests.swift */; };
		8446E71B290A8D04003AED10 /* Shop_TryUITests.swift in Sources */ = {isa = PBXBuildFile; fileRef = 8446E71A290A8D04003AED10 /* Shop_TryUITests.swift */; };
		8446E71D290A8D04003AED10 /* Shop_TryUITestsLaunchTests.swift in Sources */ = {isa = PBXBuildFile; fileRef = 8446E71C290A8D04003AED10 /* Shop_TryUITestsLaunchTests.swift */; };
		8446E730290A9B9F003AED10 /* LaunchViewController.swift in Sources */ = {isa = PBXBuildFile; fileRef = 8446E72E290A9B9F003AED10 /* LaunchViewController.swift */; };
		8446E731290A9B9F003AED10 /* LaunchViewController.xib in Resources */ = {isa = PBXBuildFile; fileRef = 8446E72F290A9B9F003AED10 /* LaunchViewController.xib */; };
/* End PBXBuildFile section */

/* Begin PBXContainerItemProxy section */
		8446E70D290A8D04003AED10 /* PBXContainerItemProxy */ = {
			isa = PBXContainerItemProxy;
			containerPortal = 8446E6EE290A8D03003AED10 /* Project object */;
			proxyType = 1;
			remoteGlobalIDString = 8446E6F5290A8D03003AED10;
			remoteInfo = "Shop&Try";
		};
		8446E717290A8D04003AED10 /* PBXContainerItemProxy */ = {
			isa = PBXContainerItemProxy;
			containerPortal = 8446E6EE290A8D03003AED10 /* Project object */;
			proxyType = 1;
			remoteGlobalIDString = 8446E6F5290A8D03003AED10;
			remoteInfo = "Shop&Try";
		};
/* End PBXContainerItemProxy section */

/* Begin PBXFileReference section */
		8446E6F6290A8D03003AED10 /* Shop&Try.app */ = {isa = PBXFileReference; explicitFileType = wrapper.application; includeInIndex = 0; path = "Shop&Try.app"; sourceTree = BUILT_PRODUCTS_DIR; };
		8446E6F9290A8D03003AED10 /* AppDelegate.swift */ = {isa = PBXFileReference; lastKnownFileType = sourcecode.swift; path = AppDelegate.swift; sourceTree = "<group>"; };
		8446E702290A8D04003AED10 /* Assets.xcassets */ = {isa = PBXFileReference; lastKnownFileType = folder.assetcatalog; path = Assets.xcassets; sourceTree = "<group>"; };
		8446E707290A8D04003AED10 /* Info.plist */ = {isa = PBXFileReference; lastKnownFileType = text.plist.xml; path = Info.plist; sourceTree = "<group>"; };
		8446E70C290A8D04003AED10 /* Shop&TryTests.xctest */ = {isa = PBXFileReference; explicitFileType = wrapper.cfbundle; includeInIndex = 0; path = "Shop&TryTests.xctest"; sourceTree = BUILT_PRODUCTS_DIR; };
		8446E710290A8D04003AED10 /* Shop_TryTests.swift */ = {isa = PBXFileReference; lastKnownFileType = sourcecode.swift; path = Shop_TryTests.swift; sourceTree = "<group>"; };
		8446E716290A8D04003AED10 /* Shop&TryUITests.xctest */ = {isa = PBXFileReference; explicitFileType = wrapper.cfbundle; includeInIndex = 0; path = "Shop&TryUITests.xctest"; sourceTree = BUILT_PRODUCTS_DIR; };
		8446E71A290A8D04003AED10 /* Shop_TryUITests.swift */ = {isa = PBXFileReference; lastKnownFileType = sourcecode.swift; path = Shop_TryUITests.swift; sourceTree = "<group>"; };
		8446E71C290A8D04003AED10 /* Shop_TryUITestsLaunchTests.swift */ = {isa = PBXFileReference; lastKnownFileType = sourcecode.swift; path = Shop_TryUITestsLaunchTests.swift; sourceTree = "<group>"; };
		8446E72E290A9B9F003AED10 /* LaunchViewController.swift */ = {isa = PBXFileReference; lastKnownFileType = sourcecode.swift; path = LaunchViewController.swift; sourceTree = "<group>"; };
		8446E72F290A9B9F003AED10 /* LaunchViewController.xib */ = {isa = PBXFileReference; lastKnownFileType = file.xib; path = LaunchViewController.xib; sourceTree = "<group>"; };
/* End PBXFileReference section */

/* Begin PBXFrameworksBuildPhase section */
		8446E6F3290A8D03003AED10 /* Frameworks */ = {
			isa = PBXFrameworksBuildPhase;
			buildActionMask = 2147483647;
			files = (
			);
			runOnlyForDeploymentPostprocessing = 0;
		};
		8446E709290A8D04003AED10 /* Frameworks */ = {
			isa = PBXFrameworksBuildPhase;
			buildActionMask = 2147483647;
			files = (
			);
			runOnlyForDeploymentPostprocessing = 0;
		};
		8446E713290A8D04003AED10 /* Frameworks */ = {
			isa = PBXFrameworksBuildPhase;
			buildActionMask = 2147483647;
			files = (
			);
			runOnlyForDeploymentPostprocessing = 0;
		};
/* End PBXFrameworksBuildPhase section */

/* Begin PBXGroup section */
		8446E6ED290A8D03003AED10 = {
			isa = PBXGroup;
			children = (
				8446E6F8290A8D03003AED10 /* Shop&Try */,
				8446E70F290A8D04003AED10 /* Shop&TryTests */,
				8446E719290A8D04003AED10 /* Shop&TryUITests */,
				8446E6F7290A8D03003AED10 /* Products */,
			);
			sourceTree = "<group>";
		};
		8446E6F7290A8D03003AED10 /* Products */ = {
			isa = PBXGroup;
			children = (
				8446E6F6290A8D03003AED10 /* Shop&Try.app */,
				8446E70C290A8D04003AED10 /* Shop&TryTests.xctest */,
				8446E716290A8D04003AED10 /* Shop&TryUITests.xctest */,
			);
			name = Products;
			sourceTree = "<group>";
		};
		8446E6F8290A8D03003AED10 /* Shop&Try */ = {
			isa = PBXGroup;
			children = (
				8446E729290A8D1C003AED10 /* App */,
				8446E72B290A9119003AED10 /* Screens */,
			);
			path = "Shop&Try";
			sourceTree = "<group>";
		};
		8446E70F290A8D04003AED10 /* Shop&TryTests */ = {
			isa = PBXGroup;
			children = (
				8446E710290A8D04003AED10 /* Shop_TryTests.swift */,
			);
			path = "Shop&TryTests";
			sourceTree = "<group>";
		};
		8446E719290A8D04003AED10 /* Shop&TryUITests */ = {
			isa = PBXGroup;
			children = (
				8446E71A290A8D04003AED10 /* Shop_TryUITests.swift */,
				8446E71C290A8D04003AED10 /* Shop_TryUITestsLaunchTests.swift */,
			);
			path = "Shop&TryUITests";
			sourceTree = "<group>";
		};
		8446E729290A8D1C003AED10 /* App */ = {
			isa = PBXGroup;
			children = (
				8446E702290A8D04003AED10 /* Assets.xcassets */,
				8446E6F9290A8D03003AED10 /* AppDelegate.swift */,
				8446E72A290A8D8D003AED10 /* Plists */,
			);
			path = App;
			sourceTree = "<group>";
		};
		8446E72A290A8D8D003AED10 /* Plists */ = {
			isa = PBXGroup;
			children = (
				8446E707290A8D04003AED10 /* Info.plist */,
			);
			path = Plists;
			sourceTree = "<group>";
		};
		8446E72B290A9119003AED10 /* Screens */ = {
			isa = PBXGroup;
			children = (
				8446E72E290A9B9F003AED10 /* LaunchViewController.swift */,
				8446E72F290A9B9F003AED10 /* LaunchViewController.xib */,
			);
			path = Screens;
			sourceTree = "<group>";
		};
/* End PBXGroup section */

/* Begin PBXNativeTarget section */
		8446E6F5290A8D03003AED10 /* Shop&Try */ = {
			isa = PBXNativeTarget;
			buildConfigurationList = 8446E720290A8D04003AED10 /* Build configuration list for PBXNativeTarget "Shop&Try" */;
			buildPhases = (
				8446E6F2290A8D03003AED10 /* Sources */,
				8446E6F3290A8D03003AED10 /* Frameworks */,
				8446E6F4290A8D03003AED10 /* Resources */,
			);
			buildRules = (
			);
			dependencies = (
			);
			name = "Shop&Try";
			productName = "Shop&Try";
			productReference = 8446E6F6290A8D03003AED10 /* Shop&Try.app */;
			productType = "com.apple.product-type.application";
		};
		8446E70B290A8D04003AED10 /* Shop&TryTests */ = {
			isa = PBXNativeTarget;
			buildConfigurationList = 8446E723290A8D04003AED10 /* Build configuration list for PBXNativeTarget "Shop&TryTests" */;
			buildPhases = (
				8446E708290A8D04003AED10 /* Sources */,
				8446E709290A8D04003AED10 /* Frameworks */,
				8446E70A290A8D04003AED10 /* Resources */,
			);
			buildRules = (
			);
			dependencies = (
				8446E70E290A8D04003AED10 /* PBXTargetDependency */,
			);
			name = "Shop&TryTests";
			productName = "Shop&TryTests";
			productReference = 8446E70C290A8D04003AED10 /* Shop&TryTests.xctest */;
			productType = "com.apple.product-type.bundle.unit-test";
		};
		8446E715290A8D04003AED10 /* Shop&TryUITests */ = {
			isa = PBXNativeTarget;
			buildConfigurationList = 8446E726290A8D04003AED10 /* Build configuration list for PBXNativeTarget "Shop&TryUITests" */;
			buildPhases = (
				8446E712290A8D04003AED10 /* Sources */,
				8446E713290A8D04003AED10 /* Frameworks */,
				8446E714290A8D04003AED10 /* Resources */,
			);
			buildRules = (
			);
			dependencies = (
				8446E718290A8D04003AED10 /* PBXTargetDependency */,
			);
			name = "Shop&TryUITests";
			productName = "Shop&TryUITests";
			productReference = 8446E716290A8D04003AED10 /* Shop&TryUITests.xctest */;
			productType = "com.apple.product-type.bundle.ui-testing";
		};
/* End PBXNativeTarget section */

/* Begin PBXProject section */
		8446E6EE290A8D03003AED10 /* Project object */ = {
			isa = PBXProject;
			attributes = {
				BuildIndependentTargetsInParallel = 1;
				LastSwiftUpdateCheck = 1400;
				LastUpgradeCheck = 1400;
				TargetAttributes = {
					8446E6F5290A8D03003AED10 = {
						CreatedOnToolsVersion = 14.0.1;
					};
					8446E70B290A8D04003AED10 = {
						CreatedOnToolsVersion = 14.0.1;
						TestTargetID = 8446E6F5290A8D03003AED10;
					};
					8446E715290A8D04003AED10 = {
						CreatedOnToolsVersion = 14.0.1;
						TestTargetID = 8446E6F5290A8D03003AED10;
					};
				};
			};
			buildConfigurationList = 8446E6F1290A8D03003AED10 /* Build configuration list for PBXProject "Shop&Try" */;
			compatibilityVersion = "Xcode 14.0";
			developmentRegion = en;
			hasScannedForEncodings = 0;
			knownRegions = (
				en,
				Base,
			);
			mainGroup = 8446E6ED290A8D03003AED10;
			productRefGroup = 8446E6F7290A8D03003AED10 /* Products */;
			projectDirPath = "";
			projectRoot = "";
			targets = (
				8446E6F5290A8D03003AED10 /* Shop&Try */,
				8446E70B290A8D04003AED10 /* Shop&TryTests */,
				8446E715290A8D04003AED10 /* Shop&TryUITests */,
			);
		};
/* End PBXProject section */

/* Begin PBXResourcesBuildPhase section */
		8446E6F4290A8D03003AED10 /* Resources */ = {
			isa = PBXResourcesBuildPhase;
			buildActionMask = 2147483647;
			files = (
				8446E703290A8D04003AED10 /* Assets.xcassets in Resources */,
				8446E731290A9B9F003AED10 /* LaunchViewController.xib in Resources */,
			);
			runOnlyForDeploymentPostprocessing = 0;
		};
		8446E70A290A8D04003AED10 /* Resources */ = {
			isa = PBXResourcesBuildPhase;
			buildActionMask = 2147483647;
			files = (
			);
			runOnlyForDeploymentPostprocessing = 0;
		};
		8446E714290A8D04003AED10 /* Resources */ = {
			isa = PBXResourcesBuildPhase;
			buildActionMask = 2147483647;
			files = (
			);
			runOnlyForDeploymentPostprocessing = 0;
		};
/* End PBXResourcesBuildPhase section */

/* Begin PBXSourcesBuildPhase section */
		8446E6F2290A8D03003AED10 /* Sources */ = {
			isa = PBXSourcesBuildPhase;
			buildActionMask = 2147483647;
			files = (
				8446E6FA290A8D03003AED10 /* AppDelegate.swift in Sources */,
				8446E730290A9B9F003AED10 /* LaunchViewController.swift in Sources */,
			);
			runOnlyForDeploymentPostprocessing = 0;
		};
		8446E708290A8D04003AED10 /* Sources */ = {
			isa = PBXSourcesBuildPhase;
			buildActionMask = 2147483647;
			files = (
				8446E711290A8D04003AED10 /* Shop_TryTests.swift in Sources */,
			);
			runOnlyForDeploymentPostprocessing = 0;
		};
		8446E712290A8D04003AED10 /* Sources */ = {
			isa = PBXSourcesBuildPhase;
			buildActionMask = 2147483647;
			files = (
				8446E71D290A8D04003AED10 /* Shop_TryUITestsLaunchTests.swift in Sources */,
				8446E71B290A8D04003AED10 /* Shop_TryUITests.swift in Sources */,
			);
			runOnlyForDeploymentPostprocessing = 0;
		};
/* End PBXSourcesBuildPhase section */

/* Begin PBXTargetDependency section */
		8446E70E290A8D04003AED10 /* PBXTargetDependency */ = {
			isa = PBXTargetDependency;
			target = 8446E6F5290A8D03003AED10 /* Shop&Try */;
			targetProxy = 8446E70D290A8D04003AED10 /* PBXContainerItemProxy */;
		};
		8446E718290A8D04003AED10 /* PBXTargetDependency */ = {
			isa = PBXTargetDependency;
			target = 8446E6F5290A8D03003AED10 /* Shop&Try */;
			targetProxy = 8446E717290A8D04003AED10 /* PBXContainerItemProxy */;
		};
/* End PBXTargetDependency section */

/* Begin XCBuildConfiguration section */
		8446E71E290A8D04003AED10 /* Debug */ = {
			isa = XCBuildConfiguration;
			buildSettings = {
				ALWAYS_SEARCH_USER_PATHS = NO;
				CLANG_ANALYZER_NONNULL = YES;
				CLANG_ANALYZER_NUMBER_OBJECT_CONVERSION = YES_AGGRESSIVE;
				CLANG_CXX_LANGUAGE_STANDARD = "gnu++20";
				CLANG_ENABLE_MODULES = YES;
				CLANG_ENABLE_OBJC_ARC = YES;
				CLANG_ENABLE_OBJC_WEAK = YES;
				CLANG_WARN_BLOCK_CAPTURE_AUTORELEASING = YES;
				CLANG_WARN_BOOL_CONVERSION = YES;
				CLANG_WARN_COMMA = YES;
				CLANG_WARN_CONSTANT_CONVERSION = YES;
				CLANG_WARN_DEPRECATED_OBJC_IMPLEMENTATIONS = YES;
				CLANG_WARN_DIRECT_OBJC_ISA_USAGE = YES_ERROR;
				CLANG_WARN_DOCUMENTATION_COMMENTS = YES;
				CLANG_WARN_EMPTY_BODY = YES;
				CLANG_WARN_ENUM_CONVERSION = YES;
				CLANG_WARN_INFINITE_RECURSION = YES;
				CLANG_WARN_INT_CONVERSION = YES;
				CLANG_WARN_NON_LITERAL_NULL_CONVERSION = YES;
				CLANG_WARN_OBJC_IMPLICIT_RETAIN_SELF = YES;
				CLANG_WARN_OBJC_LITERAL_CONVERSION = YES;
				CLANG_WARN_OBJC_ROOT_CLASS = YES_ERROR;
				CLANG_WARN_QUOTED_INCLUDE_IN_FRAMEWORK_HEADER = YES;
				CLANG_WARN_RANGE_LOOP_ANALYSIS = YES;
				CLANG_WARN_STRICT_PROTOTYPES = YES;
				CLANG_WARN_SUSPICIOUS_MOVE = YES;
				CLANG_WARN_UNGUARDED_AVAILABILITY = YES_AGGRESSIVE;
				CLANG_WARN_UNREACHABLE_CODE = YES;
				CLANG_WARN__DUPLICATE_METHOD_MATCH = YES;
				COPY_PHASE_STRIP = NO;
				DEBUG_INFORMATION_FORMAT = dwarf;
				ENABLE_STRICT_OBJC_MSGSEND = YES;
				ENABLE_TESTABILITY = YES;
				GCC_C_LANGUAGE_STANDARD = gnu11;
				GCC_DYNAMIC_NO_PIC = NO;
				GCC_NO_COMMON_BLOCKS = YES;
				GCC_OPTIMIZATION_LEVEL = 0;
				GCC_PREPROCESSOR_DEFINITIONS = (
					"DEBUG=1",
					"$(inherited)",
				);
				GCC_WARN_64_TO_32_BIT_CONVERSION = YES;
				GCC_WARN_ABOUT_RETURN_TYPE = YES_ERROR;
				GCC_WARN_UNDECLARED_SELECTOR = YES;
				GCC_WARN_UNINITIALIZED_AUTOS = YES_AGGRESSIVE;
				GCC_WARN_UNUSED_FUNCTION = YES;
				GCC_WARN_UNUSED_VARIABLE = YES;
				IPHONEOS_DEPLOYMENT_TARGET = 16.0;
				MTL_ENABLE_DEBUG_INFO = INCLUDE_SOURCE;
				MTL_FAST_MATH = YES;
				ONLY_ACTIVE_ARCH = YES;
				SDKROOT = iphoneos;
				SWIFT_ACTIVE_COMPILATION_CONDITIONS = DEBUG;
				SWIFT_OPTIMIZATION_LEVEL = "-Onone";
			};
			name = Debug;
		};
		8446E71F290A8D04003AED10 /* Release */ = {
			isa = XCBuildConfiguration;
			buildSettings = {
				ALWAYS_SEARCH_USER_PATHS = NO;
				CLANG_ANALYZER_NONNULL = YES;
				CLANG_ANALYZER_NUMBER_OBJECT_CONVERSION = YES_AGGRESSIVE;
				CLANG_CXX_LANGUAGE_STANDARD = "gnu++20";
				CLANG_ENABLE_MODULES = YES;
				CLANG_ENABLE_OBJC_ARC = YES;
				CLANG_ENABLE_OBJC_WEAK = YES;
				CLANG_WARN_BLOCK_CAPTURE_AUTORELEASING = YES;
				CLANG_WARN_BOOL_CONVERSION = YES;
				CLANG_WARN_COMMA = YES;
				CLANG_WARN_CONSTANT_CONVERSION = YES;
				CLANG_WARN_DEPRECATED_OBJC_IMPLEMENTATIONS = YES;
				CLANG_WARN_DIRECT_OBJC_ISA_USAGE = YES_ERROR;
				CLANG_WARN_DOCUMENTATION_COMMENTS = YES;
				CLANG_WARN_EMPTY_BODY = YES;
				CLANG_WARN_ENUM_CONVERSION = YES;
				CLANG_WARN_INFINITE_RECURSION = YES;
				CLANG_WARN_INT_CONVERSION = YES;
				CLANG_WARN_NON_LITERAL_NULL_CONVERSION = YES;
				CLANG_WARN_OBJC_IMPLICIT_RETAIN_SELF = YES;
				CLANG_WARN_OBJC_LITERAL_CONVERSION = YES;
				CLANG_WARN_OBJC_ROOT_CLASS = YES_ERROR;
				CLANG_WARN_QUOTED_INCLUDE_IN_FRAMEWORK_HEADER = YES;
				CLANG_WARN_RANGE_LOOP_ANALYSIS = YES;
				CLANG_WARN_STRICT_PROTOTYPES = YES;
				CLANG_WARN_SUSPICIOUS_MOVE = YES;
				CLANG_WARN_UNGUARDED_AVAILABILITY = YES_AGGRESSIVE;
				CLANG_WARN_UNREACHABLE_CODE = YES;
				CLANG_WARN__DUPLICATE_METHOD_MATCH = YES;
				COPY_PHASE_STRIP = NO;
				DEBUG_INFORMATION_FORMAT = "dwarf-with-dsym";
				ENABLE_NS_ASSERTIONS = NO;
				ENABLE_STRICT_OBJC_MSGSEND = YES;
				GCC_C_LANGUAGE_STANDARD = gnu11;
				GCC_NO_COMMON_BLOCKS = YES;
				GCC_WARN_64_TO_32_BIT_CONVERSION = YES;
				GCC_WARN_ABOUT_RETURN_TYPE = YES_ERROR;
				GCC_WARN_UNDECLARED_SELECTOR = YES;
				GCC_WARN_UNINITIALIZED_AUTOS = YES_AGGRESSIVE;
				GCC_WARN_UNUSED_FUNCTION = YES;
				GCC_WARN_UNUSED_VARIABLE = YES;
				IPHONEOS_DEPLOYMENT_TARGET = 16.0;
				MTL_ENABLE_DEBUG_INFO = NO;
				MTL_FAST_MATH = YES;
				SDKROOT = iphoneos;
				SWIFT_COMPILATION_MODE = wholemodule;
				SWIFT_OPTIMIZATION_LEVEL = "-O";
				VALIDATE_PRODUCT = YES;
			};
			name = Release;
		};
		8446E721290A8D04003AED10 /* Debug */ = {
			isa = XCBuildConfiguration;
			buildSettings = {
				ASSETCATALOG_COMPILER_APPICON_NAME = AppIcon;
				ASSETCATALOG_COMPILER_GLOBAL_ACCENT_COLOR_NAME = AccentColor;
				CODE_SIGN_STYLE = Automatic;
				CURRENT_PROJECT_VERSION = 1;
				DEVELOPMENT_TEAM = 4492JUHH8L;
				GENERATE_INFOPLIST_FILE = YES;
				INFOPLIST_FILE = "Shop&Try/Info.plist";
				INFOPLIST_KEY_UIApplicationSupportsIndirectInputEvents = YES;
				INFOPLIST_KEY_UILaunchStoryboardName = "";
				INFOPLIST_KEY_UISupportedInterfaceOrientations_iPad = "UIInterfaceOrientationPortrait UIInterfaceOrientationPortraitUpsideDown UIInterfaceOrientationLandscapeLeft UIInterfaceOrientationLandscapeRight";
				INFOPLIST_KEY_UISupportedInterfaceOrientations_iPhone = "UIInterfaceOrientationPortrait UIInterfaceOrientationLandscapeLeft UIInterfaceOrientationLandscapeRight";
				IPHONEOS_DEPLOYMENT_TARGET = 11.0;
				LD_RUNPATH_SEARCH_PATHS = (
					"$(inherited)",
					"@executable_path/Frameworks",
				);
				MARKETING_VERSION = 1.0;
				PRODUCT_BUNDLE_IDENTIFIER = "com.erayerman.Shop-Try";
				PRODUCT_NAME = "$(TARGET_NAME)";
				SWIFT_EMIT_LOC_STRINGS = YES;
				SWIFT_VERSION = 5.0;
				TARGETED_DEVICE_FAMILY = "1,2";
			};
			name = Debug;
		};
		8446E722290A8D04003AED10 /* Release */ = {
			isa = XCBuildConfiguration;
			buildSettings = {
				ASSETCATALOG_COMPILER_APPICON_NAME = AppIcon;
				ASSETCATALOG_COMPILER_GLOBAL_ACCENT_COLOR_NAME = AccentColor;
				CODE_SIGN_STYLE = Automatic;
				CURRENT_PROJECT_VERSION = 1;
				DEVELOPMENT_TEAM = 4492JUHH8L;
				GENERATE_INFOPLIST_FILE = YES;
				INFOPLIST_FILE = "Shop&Try/Info.plist";
				INFOPLIST_KEY_UIApplicationSupportsIndirectInputEvents = YES;
				INFOPLIST_KEY_UILaunchStoryboardName = "";
				INFOPLIST_KEY_UISupportedInterfaceOrientations_iPad = "UIInterfaceOrientationPortrait UIInterfaceOrientationPortraitUpsideDown UIInterfaceOrientationLandscapeLeft UIInterfaceOrientationLandscapeRight";
				INFOPLIST_KEY_UISupportedInterfaceOrientations_iPhone = "UIInterfaceOrientationPortrait UIInterfaceOrientationLandscapeLeft UIInterfaceOrientationLandscapeRight";
				IPHONEOS_DEPLOYMENT_TARGET = 11.0;
				LD_RUNPATH_SEARCH_PATHS = (
					"$(inherited)",
					"@executable_path/Frameworks",
				);
				MARKETING_VERSION = 1.0;
				PRODUCT_BUNDLE_IDENTIFIER = "com.erayerman.Shop-Try";
				PRODUCT_NAME = "$(TARGET_NAME)";
				SWIFT_EMIT_LOC_STRINGS = YES;
				SWIFT_VERSION = 5.0;
				TARGETED_DEVICE_FAMILY = "1,2";
			};
			name = Release;
		};
		8446E724290A8D04003AED10 /* Debug */ = {
			isa = XCBuildConfiguration;
			buildSettings = {
				ALWAYS_EMBED_SWIFT_STANDARD_LIBRARIES = YES;
				BUNDLE_LOADER = "$(TEST_HOST)";
				CODE_SIGN_STYLE = Automatic;
				CURRENT_PROJECT_VERSION = 1;
				DEVELOPMENT_TEAM = 4492JUHH8L;
				GENERATE_INFOPLIST_FILE = YES;
				IPHONEOS_DEPLOYMENT_TARGET = 16.0;
				MARKETING_VERSION = 1.0;
				PRODUCT_BUNDLE_IDENTIFIER = "com.erayerman.Shop-TryTests";
				PRODUCT_NAME = "$(TARGET_NAME)";
				SWIFT_EMIT_LOC_STRINGS = NO;
				SWIFT_VERSION = 5.0;
				TARGETED_DEVICE_FAMILY = "1,2";
				TEST_HOST = "$(BUILT_PRODUCTS_DIR)/Shop&Try.app/$(BUNDLE_EXECUTABLE_FOLDER_PATH)/Shop&Try";
			};
			name = Debug;
		};
		8446E725290A8D04003AED10 /* Release */ = {
			isa = XCBuildConfiguration;
			buildSettings = {
				ALWAYS_EMBED_SWIFT_STANDARD_LIBRARIES = YES;
				BUNDLE_LOADER = "$(TEST_HOST)";
				CODE_SIGN_STYLE = Automatic;
				CURRENT_PROJECT_VERSION = 1;
				DEVELOPMENT_TEAM = 4492JUHH8L;
				GENERATE_INFOPLIST_FILE = YES;
				IPHONEOS_DEPLOYMENT_TARGET = 16.0;
				MARKETING_VERSION = 1.0;
				PRODUCT_BUNDLE_IDENTIFIER = "com.erayerman.Shop-TryTests";
				PRODUCT_NAME = "$(TARGET_NAME)";
				SWIFT_EMIT_LOC_STRINGS = NO;
				SWIFT_VERSION = 5.0;
				TARGETED_DEVICE_FAMILY = "1,2";
				TEST_HOST = "$(BUILT_PRODUCTS_DIR)/Shop&Try.app/$(BUNDLE_EXECUTABLE_FOLDER_PATH)/Shop&Try";
			};
			name = Release;
		};
		8446E727290A8D04003AED10 /* Debug */ = {
			isa = XCBuildConfiguration;
			buildSettings = {
				ALWAYS_EMBED_SWIFT_STANDARD_LIBRARIES = YES;
				CODE_SIGN_STYLE = Automatic;
				CURRENT_PROJECT_VERSION = 1;
				DEVELOPMENT_TEAM = 4492JUHH8L;
				GENERATE_INFOPLIST_FILE = YES;
				MARKETING_VERSION = 1.0;
				PRODUCT_BUNDLE_IDENTIFIER = "com.erayerman.Shop-TryUITests";
				PRODUCT_NAME = "$(TARGET_NAME)";
				SWIFT_EMIT_LOC_STRINGS = NO;
				SWIFT_VERSION = 5.0;
				TARGETED_DEVICE_FAMILY = "1,2";
				TEST_TARGET_NAME = "Shop&Try";
			};
			name = Debug;
		};
		8446E728290A8D04003AED10 /* Release */ = {
			isa = XCBuildConfiguration;
			buildSettings = {
				ALWAYS_EMBED_SWIFT_STANDARD_LIBRARIES = YES;
				CODE_SIGN_STYLE = Automatic;
				CURRENT_PROJECT_VERSION = 1;
				DEVELOPMENT_TEAM = 4492JUHH8L;
				GENERATE_INFOPLIST_FILE = YES;
				MARKETING_VERSION = 1.0;
				PRODUCT_BUNDLE_IDENTIFIER = "com.erayerman.Shop-TryUITests";
				PRODUCT_NAME = "$(TARGET_NAME)";
				SWIFT_EMIT_LOC_STRINGS = NO;
				SWIFT_VERSION = 5.0;
				TARGETED_DEVICE_FAMILY = "1,2";
				TEST_TARGET_NAME = "Shop&Try";
			};
			name = Release;
		};
/* End XCBuildConfiguration section */

/* Begin XCConfigurationList section */
		8446E6F1290A8D03003AED10 /* Build configuration list for PBXProject "Shop&Try" */ = {
			isa = XCConfigurationList;
			buildConfigurations = (
				8446E71E290A8D04003AED10 /* Debug */,
				8446E71F290A8D04003AED10 /* Release */,
			);
			defaultConfigurationIsVisible = 0;
			defaultConfigurationName = Release;
		};
		8446E720290A8D04003AED10 /* Build configuration list for PBXNativeTarget "Shop&Try" */ = {
			isa = XCConfigurationList;
			buildConfigurations = (
				8446E721290A8D04003AED10 /* Debug */,
				8446E722290A8D04003AED10 /* Release */,
			);
			defaultConfigurationIsVisible = 0;
			defaultConfigurationName = Release;
		};
		8446E723290A8D04003AED10 /* Build configuration list for PBXNativeTarget "Shop&TryTests" */ = {
			isa = XCConfigurationList;
			buildConfigurations = (
				8446E724290A8D04003AED10 /* Debug */,
				8446E725290A8D04003AED10 /* Release */,
			);
			defaultConfigurationIsVisible = 0;
			defaultConfigurationName = Release;
		};
		8446E726290A8D04003AED10 /* Build configuration list for PBXNativeTarget "Shop&TryUITests" */ = {
			isa = XCConfigurationList;
			buildConfigurations = (
				8446E727290A8D04003AED10 /* Debug */,
				8446E728290A8D04003AED10 /* Release */,
			);
			defaultConfigurationIsVisible = 0;
			defaultConfigurationName = Release;
		};
/* End XCConfigurationList section */
	};
	rootObject = 8446E6EE290A8D03003AED10 /* Project object */;
}
