// !$*UTF8*$!
{
	archiveVersion = 1;
	classes = {
	};
	objectVersion = 56;
	objects = {

/* Begin PBXBuildFile section */
		842294B52913FBC300386EA4 /* AlamofireImage in Frameworks */ = {isa = PBXBuildFile; productRef = 842294B42913FBC300386EA4 /* AlamofireImage */; };
		8446E6FA290A8D03003AED10 /* AppDelegate.swift in Sources */ = {isa = PBXBuildFile; fileRef = 8446E6F9290A8D03003AED10 /* AppDelegate.swift */; };
		8446E703290A8D04003AED10 /* Assets.xcassets in Resources */ = {isa = PBXBuildFile; fileRef = 8446E702290A8D04003AED10 /* Assets.xcassets */; };
		8446E711290A8D04003AED10 /* Shop_TryTests.swift in Sources */ = {isa = PBXBuildFile; fileRef = 8446E710290A8D04003AED10 /* Shop_TryTests.swift */; };
		8446E71B290A8D04003AED10 /* Shop_TryUITests.swift in Sources */ = {isa = PBXBuildFile; fileRef = 8446E71A290A8D04003AED10 /* Shop_TryUITests.swift */; };
		8446E71D290A8D04003AED10 /* Shop_TryUITestsLaunchTests.swift in Sources */ = {isa = PBXBuildFile; fileRef = 8446E71C290A8D04003AED10 /* Shop_TryUITestsLaunchTests.swift */; };
		845659CE29111B6F00FAB660 /* AuthViewModel.swift in Sources */ = {isa = PBXBuildFile; fileRef = 845659CD29111B6F00FAB660 /* AuthViewModel.swift */; };
		845659D42911206600FAB660 /* AlertPresentable.swift in Sources */ = {isa = PBXBuildFile; fileRef = 845659D32911206600FAB660 /* AlertPresentable.swift */; };
		845659D62911207D00FAB660 /* CAViewController.swift in Sources */ = {isa = PBXBuildFile; fileRef = 845659D52911207D00FAB660 /* CAViewController.swift */; };
		845659E429113EF700FAB660 /* ProfileViewController.swift in Sources */ = {isa = PBXBuildFile; fileRef = 845659E229113EF700FAB660 /* ProfileViewController.swift */; };
		845659E529113EF700FAB660 /* ProfileViewController.xib in Resources */ = {isa = PBXBuildFile; fileRef = 845659E329113EF700FAB660 /* ProfileViewController.xib */; };
		845659E729113F1600FAB660 /* ProfileViewModel.swift in Sources */ = {isa = PBXBuildFile; fileRef = 845659E629113F1600FAB660 /* ProfileViewModel.swift */; };
		845659E92912764500FAB660 /* ProductModel.swift in Sources */ = {isa = PBXBuildFile; fileRef = 845659E82912764500FAB660 /* ProductModel.swift */; };
		845659EC2912791900FAB660 /* SearchViewController.swift in Sources */ = {isa = PBXBuildFile; fileRef = 845659EA2912791900FAB660 /* SearchViewController.swift */; };
		845659ED2912791900FAB660 /* SearchViewController.xib in Resources */ = {isa = PBXBuildFile; fileRef = 845659EB2912791900FAB660 /* SearchViewController.xib */; };
		845659F029127FD200FAB660 /* ProductsViewController.swift in Sources */ = {isa = PBXBuildFile; fileRef = 845659EE29127FD200FAB660 /* ProductsViewController.swift */; };
		845659F129127FD200FAB660 /* ProductsViewController.xib in Resources */ = {isa = PBXBuildFile; fileRef = 845659EF29127FD200FAB660 /* ProductsViewController.xib */; };
		845659F3291284C600FAB660 /* SearchViewModel.swift in Sources */ = {isa = PBXBuildFile; fileRef = 845659F2291284C600FAB660 /* SearchViewModel.swift */; };
		845659F52912852000FAB660 /* ProductsViewModel.swift in Sources */ = {isa = PBXBuildFile; fileRef = 845659F42912852000FAB660 /* ProductsViewModel.swift */; };
		845659F929128DFE00FAB660 /* ProductsCollectionViewCell.swift in Sources */ = {isa = PBXBuildFile; fileRef = 845659F729128DFE00FAB660 /* ProductsCollectionViewCell.swift */; };
		845659FA29128DFE00FAB660 /* ProductsCollectionViewCell.xib in Resources */ = {isa = PBXBuildFile; fileRef = 845659F829128DFE00FAB660 /* ProductsCollectionViewCell.xib */; };
		846F9CCE290C789900A914C2 /* LaunchScreen.storyboard in Resources */ = {isa = PBXBuildFile; fileRef = 846F9CCD290C789900A914C2 /* LaunchScreen.storyboard */; };
		848C828C290FEBEF000C4A9D /* AuthViewController.swift in Sources */ = {isa = PBXBuildFile; fileRef = 848C828A290FEBEF000C4A9D /* AuthViewController.swift */; };
		848C828D290FEBEF000C4A9D /* AuthViewController.xib in Resources */ = {isa = PBXBuildFile; fileRef = 848C828B290FEBEF000C4A9D /* AuthViewController.xib */; };
		848C8290290FF142000C4A9D /* SignUpViewController.swift in Sources */ = {isa = PBXBuildFile; fileRef = 848C828E290FF142000C4A9D /* SignUpViewController.swift */; };
		848C8291290FF142000C4A9D /* SignUpViewController.xib in Resources */ = {isa = PBXBuildFile; fileRef = 848C828F290FF142000C4A9D /* SignUpViewController.xib */; };
		848C8294290FF165000C4A9D /* LoginViewController.swift in Sources */ = {isa = PBXBuildFile; fileRef = 848C8292290FF165000C4A9D /* LoginViewController.swift */; };
		848C8295290FF165000C4A9D /* LoginViewController.xib in Resources */ = {isa = PBXBuildFile; fileRef = 848C8293290FF165000C4A9D /* LoginViewController.xib */; };
		848C8299290FF829000C4A9D /* IQKeyboardManagerSwift in Frameworks */ = {isa = PBXBuildFile; productRef = 848C8298290FF829000C4A9D /* IQKeyboardManagerSwift */; };
		848C829B290FFAA8000C4A9D /* GoogleService-Info.plist in Resources */ = {isa = PBXBuildFile; fileRef = 848C829A290FFAA8000C4A9D /* GoogleService-Info.plist */; };
		848C829E290FFD0B000C4A9D /* FirebaseAuth in Frameworks */ = {isa = PBXBuildFile; productRef = 848C829D290FFD0B000C4A9D /* FirebaseAuth */; };
		848C82A0290FFD0B000C4A9D /* FirebaseDatabaseSwift in Frameworks */ = {isa = PBXBuildFile; productRef = 848C829F290FFD0B000C4A9D /* FirebaseDatabaseSwift */; };
		848C82A2290FFD0B000C4A9D /* FirebaseFirestoreSwift in Frameworks */ = {isa = PBXBuildFile; productRef = 848C82A1290FFD0B000C4A9D /* FirebaseFirestoreSwift */; };
		848FD532291316F5009E76A1 /* Shop_Try_API.framework in Frameworks */ = {isa = PBXBuildFile; fileRef = 848FD531291316F5009E76A1 /* Shop_Try_API.framework */; };
		848FD533291316F5009E76A1 /* Shop_Try_API.framework in Embed Frameworks */ = {isa = PBXBuildFile; fileRef = 848FD531291316F5009E76A1 /* Shop_Try_API.framework */; settings = {ATTRIBUTES = (CodeSignOnCopy, RemoveHeadersOnCopy, ); }; };
		84C9EC58290EE9E800E03526 /* OnboardingView.swift in Sources */ = {isa = PBXBuildFile; fileRef = 84C9EC56290EE9E800E03526 /* OnboardingView.swift */; };
		84C9EC59290EE9E800E03526 /* OnboardingView.xib in Resources */ = {isa = PBXBuildFile; fileRef = 84C9EC57290EE9E800E03526 /* OnboardingView.xib */; };
		84E5B72B290EECF100CBB0B6 /* OnboardingViewController.swift in Sources */ = {isa = PBXBuildFile; fileRef = 84E5B729290EECF100CBB0B6 /* OnboardingViewController.swift */; };
		84E5B72C290EECF100CBB0B6 /* OnboardingViewController.xib in Resources */ = {isa = PBXBuildFile; fileRef = 84E5B72A290EECF100CBB0B6 /* OnboardingViewController.xib */; };
/* End PBXBuildFile section */

/* Begin PBXContainerItemProxy section */
		8446E70D290A8D04003AED10 /* PBXContainerItemProxy */ = {
			isa = PBXContainerItemProxy;
			containerPortal = 8446E6EE290A8D03003AED10 /* Project object */;
			proxyType = 1;
			remoteGlobalIDString = 8446E6F5290A8D03003AED10;
			remoteInfo = "Shop&Try";
		};
		8446E717290A8D04003AED10 /* PBXContainerItemProxy */ = {
			isa = PBXContainerItemProxy;
			containerPortal = 8446E6EE290A8D03003AED10 /* Project object */;
			proxyType = 1;
			remoteGlobalIDString = 8446E6F5290A8D03003AED10;
			remoteInfo = "Shop&Try";
		};
/* End PBXContainerItemProxy section */

/* Begin PBXCopyFilesBuildPhase section */
		848FD534291316F5009E76A1 /* Embed Frameworks */ = {
			isa = PBXCopyFilesBuildPhase;
			buildActionMask = 2147483647;
			dstPath = "";
			dstSubfolderSpec = 10;
			files = (
				848FD533291316F5009E76A1 /* Shop_Try_API.framework in Embed Frameworks */,
			);
			name = "Embed Frameworks";
			runOnlyForDeploymentPostprocessing = 0;
		};
/* End PBXCopyFilesBuildPhase section */

/* Begin PBXFileReference section */
		8446E6F6290A8D03003AED10 /* Shop&Try.app */ = {isa = PBXFileReference; explicitFileType = wrapper.application; includeInIndex = 0; path = "Shop&Try.app"; sourceTree = BUILT_PRODUCTS_DIR; };
		8446E6F9290A8D03003AED10 /* AppDelegate.swift */ = {isa = PBXFileReference; lastKnownFileType = sourcecode.swift; path = AppDelegate.swift; sourceTree = "<group>"; };
		8446E702290A8D04003AED10 /* Assets.xcassets */ = {isa = PBXFileReference; lastKnownFileType = folder.assetcatalog; path = Assets.xcassets; sourceTree = "<group>"; };
		8446E707290A8D04003AED10 /* Info.plist */ = {isa = PBXFileReference; lastKnownFileType = text.plist.xml; path = Info.plist; sourceTree = "<group>"; };
		8446E70C290A8D04003AED10 /* Shop&TryTests.xctest */ = {isa = PBXFileReference; explicitFileType = wrapper.cfbundle; includeInIndex = 0; path = "Shop&TryTests.xctest"; sourceTree = BUILT_PRODUCTS_DIR; };
		8446E710290A8D04003AED10 /* Shop_TryTests.swift */ = {isa = PBXFileReference; lastKnownFileType = sourcecode.swift; path = Shop_TryTests.swift; sourceTree = "<group>"; };
		8446E716290A8D04003AED10 /* Shop&TryUITests.xctest */ = {isa = PBXFileReference; explicitFileType = wrapper.cfbundle; includeInIndex = 0; path = "Shop&TryUITests.xctest"; sourceTree = BUILT_PRODUCTS_DIR; };
		8446E71A290A8D04003AED10 /* Shop_TryUITests.swift */ = {isa = PBXFileReference; lastKnownFileType = sourcecode.swift; path = Shop_TryUITests.swift; sourceTree = "<group>"; };
		8446E71C290A8D04003AED10 /* Shop_TryUITestsLaunchTests.swift */ = {isa = PBXFileReference; lastKnownFileType = sourcecode.swift; path = Shop_TryUITestsLaunchTests.swift; sourceTree = "<group>"; };
		845659CD29111B6F00FAB660 /* AuthViewModel.swift */ = {isa = PBXFileReference; lastKnownFileType = sourcecode.swift; path = AuthViewModel.swift; sourceTree = "<group>"; };
		845659D32911206600FAB660 /* AlertPresentable.swift */ = {isa = PBXFileReference; lastKnownFileType = sourcecode.swift; path = AlertPresentable.swift; sourceTree = "<group>"; };
		845659D52911207D00FAB660 /* CAViewController.swift */ = {isa = PBXFileReference; lastKnownFileType = sourcecode.swift; path = CAViewController.swift; sourceTree = "<group>"; };
		845659E229113EF700FAB660 /* ProfileViewController.swift */ = {isa = PBXFileReference; lastKnownFileType = sourcecode.swift; path = ProfileViewController.swift; sourceTree = "<group>"; };
		845659E329113EF700FAB660 /* ProfileViewController.xib */ = {isa = PBXFileReference; lastKnownFileType = file.xib; path = ProfileViewController.xib; sourceTree = "<group>"; };
		845659E629113F1600FAB660 /* ProfileViewModel.swift */ = {isa = PBXFileReference; lastKnownFileType = sourcecode.swift; path = ProfileViewModel.swift; sourceTree = "<group>"; };
		845659E82912764500FAB660 /* ProductModel.swift */ = {isa = PBXFileReference; lastKnownFileType = sourcecode.swift; path = ProductModel.swift; sourceTree = "<group>"; };
		845659EA2912791900FAB660 /* SearchViewController.swift */ = {isa = PBXFileReference; lastKnownFileType = sourcecode.swift; path = SearchViewController.swift; sourceTree = "<group>"; };
		845659EB2912791900FAB660 /* SearchViewController.xib */ = {isa = PBXFileReference; lastKnownFileType = file.xib; path = SearchViewController.xib; sourceTree = "<group>"; };
		845659EE29127FD200FAB660 /* ProductsViewController.swift */ = {isa = PBXFileReference; lastKnownFileType = sourcecode.swift; path = ProductsViewController.swift; sourceTree = "<group>"; };
		845659EF29127FD200FAB660 /* ProductsViewController.xib */ = {isa = PBXFileReference; lastKnownFileType = file.xib; path = ProductsViewController.xib; sourceTree = "<group>"; };
		845659F2291284C600FAB660 /* SearchViewModel.swift */ = {isa = PBXFileReference; lastKnownFileType = sourcecode.swift; path = SearchViewModel.swift; sourceTree = "<group>"; };
		845659F42912852000FAB660 /* ProductsViewModel.swift */ = {isa = PBXFileReference; lastKnownFileType = sourcecode.swift; path = ProductsViewModel.swift; sourceTree = "<group>"; };
		845659F729128DFE00FAB660 /* ProductsCollectionViewCell.swift */ = {isa = PBXFileReference; lastKnownFileType = sourcecode.swift; path = ProductsCollectionViewCell.swift; sourceTree = "<group>"; };
		845659F829128DFE00FAB660 /* ProductsCollectionViewCell.xib */ = {isa = PBXFileReference; lastKnownFileType = file.xib; path = ProductsCollectionViewCell.xib; sourceTree = "<group>"; };
		846F9CCD290C789900A914C2 /* LaunchScreen.storyboard */ = {isa = PBXFileReference; lastKnownFileType = file.storyboard; path = LaunchScreen.storyboard; sourceTree = "<group>"; };
		848C828A290FEBEF000C4A9D /* AuthViewController.swift */ = {isa = PBXFileReference; lastKnownFileType = sourcecode.swift; path = AuthViewController.swift; sourceTree = "<group>"; };
		848C828B290FEBEF000C4A9D /* AuthViewController.xib */ = {isa = PBXFileReference; lastKnownFileType = file.xib; path = AuthViewController.xib; sourceTree = "<group>"; };
		848C828E290FF142000C4A9D /* SignUpViewController.swift */ = {isa = PBXFileReference; lastKnownFileType = sourcecode.swift; path = SignUpViewController.swift; sourceTree = "<group>"; };
		848C828F290FF142000C4A9D /* SignUpViewController.xib */ = {isa = PBXFileReference; lastKnownFileType = file.xib; path = SignUpViewController.xib; sourceTree = "<group>"; };
		848C8292290FF165000C4A9D /* LoginViewController.swift */ = {isa = PBXFileReference; lastKnownFileType = sourcecode.swift; path = LoginViewController.swift; sourceTree = "<group>"; };
		848C8293290FF165000C4A9D /* LoginViewController.xib */ = {isa = PBXFileReference; lastKnownFileType = file.xib; path = LoginViewController.xib; sourceTree = "<group>"; };
		848C829A290FFAA8000C4A9D /* GoogleService-Info.plist */ = {isa = PBXFileReference; fileEncoding = 4; lastKnownFileType = text.plist.xml; path = "GoogleService-Info.plist"; sourceTree = "<group>"; };
		848FD531291316F5009E76A1 /* Shop_Try_API.framework */ = {isa = PBXFileReference; explicitFileType = wrapper.framework; path = Shop_Try_API.framework; sourceTree = BUILT_PRODUCTS_DIR; };
		84C9EC56290EE9E800E03526 /* OnboardingView.swift */ = {isa = PBXFileReference; lastKnownFileType = sourcecode.swift; path = OnboardingView.swift; sourceTree = "<group>"; };
		84C9EC57290EE9E800E03526 /* OnboardingView.xib */ = {isa = PBXFileReference; lastKnownFileType = file.xib; path = OnboardingView.xib; sourceTree = "<group>"; };
		84E5B729290EECF100CBB0B6 /* OnboardingViewController.swift */ = {isa = PBXFileReference; lastKnownFileType = sourcecode.swift; path = OnboardingViewController.swift; sourceTree = "<group>"; };
		84E5B72A290EECF100CBB0B6 /* OnboardingViewController.xib */ = {isa = PBXFileReference; lastKnownFileType = file.xib; path = OnboardingViewController.xib; sourceTree = "<group>"; };
/* End PBXFileReference section */

/* Begin PBXFrameworksBuildPhase section */
		8446E6F3290A8D03003AED10 /* Frameworks */ = {
			isa = PBXFrameworksBuildPhase;
			buildActionMask = 2147483647;
			files = (
				848C82A0290FFD0B000C4A9D /* FirebaseDatabaseSwift in Frameworks */,
				848C8299290FF829000C4A9D /* IQKeyboardManagerSwift in Frameworks */,
				848C829E290FFD0B000C4A9D /* FirebaseAuth in Frameworks */,
				848FD532291316F5009E76A1 /* Shop_Try_API.framework in Frameworks */,
				848C82A2290FFD0B000C4A9D /* FirebaseFirestoreSwift in Frameworks */,
				842294B52913FBC300386EA4 /* AlamofireImage in Frameworks */,
			);
			runOnlyForDeploymentPostprocessing = 0;
		};
		8446E709290A8D04003AED10 /* Frameworks */ = {
			isa = PBXFrameworksBuildPhase;
			buildActionMask = 2147483647;
			files = (
			);
			runOnlyForDeploymentPostprocessing = 0;
		};
		8446E713290A8D04003AED10 /* Frameworks */ = {
			isa = PBXFrameworksBuildPhase;
			buildActionMask = 2147483647;
			files = (
			);
			runOnlyForDeploymentPostprocessing = 0;
		};
/* End PBXFrameworksBuildPhase section */

/* Begin PBXGroup section */
		8446E6ED290A8D03003AED10 = {
			isa = PBXGroup;
			children = (
				8446E6F8290A8D03003AED10 /* Shop&Try */,
				8446E70F290A8D04003AED10 /* Shop&TryTests */,
				8446E719290A8D04003AED10 /* Shop&TryUITests */,
				8446E6F7290A8D03003AED10 /* Products */,
				848FD530291316F5009E76A1 /* Frameworks */,
			);
			sourceTree = "<group>";
		};
		8446E6F7290A8D03003AED10 /* Products */ = {
			isa = PBXGroup;
			children = (
				8446E6F6290A8D03003AED10 /* Shop&Try.app */,
				8446E70C290A8D04003AED10 /* Shop&TryTests.xctest */,
				8446E716290A8D04003AED10 /* Shop&TryUITests.xctest */,
			);
			name = Products;
			sourceTree = "<group>";
		};
		8446E6F8290A8D03003AED10 /* Shop&Try */ = {
			isa = PBXGroup;
			children = (
				8446E729290A8D1C003AED10 /* App */,
				8446E72B290A9119003AED10 /* Screens */,
			);
			path = "Shop&Try";
			sourceTree = "<group>";
		};
		8446E70F290A8D04003AED10 /* Shop&TryTests */ = {
			isa = PBXGroup;
			children = (
				8446E710290A8D04003AED10 /* Shop_TryTests.swift */,
			);
			path = "Shop&TryTests";
			sourceTree = "<group>";
		};
		8446E719290A8D04003AED10 /* Shop&TryUITests */ = {
			isa = PBXGroup;
			children = (
				8446E71A290A8D04003AED10 /* Shop_TryUITests.swift */,
				8446E71C290A8D04003AED10 /* Shop_TryUITestsLaunchTests.swift */,
			);
			path = "Shop&TryUITests";
			sourceTree = "<group>";
		};
		8446E729290A8D1C003AED10 /* App */ = {
			isa = PBXGroup;
			children = (
				845659D029111C5900FAB660 /* Core */,
				84C9EC4E290EC9E900E03526 /* Assets */,
				84C9EC4D290EC9E200E03526 /* Delegate */,
				84C9EC4C290EC9D300E03526 /* Launch Screen */,
				8446E72A290A8D8D003AED10 /* Plists */,
			);
			path = App;
			sourceTree = "<group>";
		};
		8446E72A290A8D8D003AED10 /* Plists */ = {
			isa = PBXGroup;
			children = (
				848C829A290FFAA8000C4A9D /* GoogleService-Info.plist */,
				8446E707290A8D04003AED10 /* Info.plist */,
			);
			path = Plists;
			sourceTree = "<group>";
		};
		8446E72B290A9119003AED10 /* Screens */ = {
			isa = PBXGroup;
			children = (
				848C8284290FDD19000C4A9D /* Authentication */,
				84C9EC52290EE7EF00E03526 /* Main */,
				84C9EC51290EE7E700E03526 /* Onboarding */,
			);
			path = Screens;
			sourceTree = "<group>";
		};
		845659D029111C5900FAB660 /* Core */ = {
			isa = PBXGroup;
			children = (
				845659D22911204D00FAB660 /* Helpers */,
				845659D129111C6100FAB660 /* CAKit */,
			);
			path = Core;
			sourceTree = "<group>";
		};
		845659D129111C6100FAB660 /* CAKit */ = {
			isa = PBXGroup;
			children = (
				845659D52911207D00FAB660 /* CAViewController.swift */,
			);
			path = CAKit;
			sourceTree = "<group>";
		};
		845659D22911204D00FAB660 /* Helpers */ = {
			isa = PBXGroup;
			children = (
				845659D32911206600FAB660 /* AlertPresentable.swift */,
			);
			path = Helpers;
			sourceTree = "<group>";
		};
		845659D729113A0E00FAB660 /* Products */ = {
			isa = PBXGroup;
			children = (
				845659E129113B0A00FAB660 /* ViewModel */,
				845659E029113B0500FAB660 /* View */,
			);
			path = Products;
			sourceTree = "<group>";
		};
		845659D829113A1700FAB660 /* Search */ = {
			isa = PBXGroup;
			children = (
				845659DF29113AFE00FAB660 /* ViewModel */,
				845659DE29113AF900FAB660 /* View */,
			);
			path = Search;
			sourceTree = "<group>";
		};
		845659D929113A1D00FAB660 /* Profile */ = {
			isa = PBXGroup;
			children = (
				845659DB29113A5200FAB660 /* View */,
				845659DA29113A4300FAB660 /* ViewModel */,
			);
			path = Profile;
			sourceTree = "<group>";
		};
		845659DA29113A4300FAB660 /* ViewModel */ = {
			isa = PBXGroup;
			children = (
				845659E629113F1600FAB660 /* ProfileViewModel.swift */,
			);
			path = ViewModel;
			sourceTree = "<group>";
		};
		845659DB29113A5200FAB660 /* View */ = {
			isa = PBXGroup;
			children = (
				845659E229113EF700FAB660 /* ProfileViewController.swift */,
				845659E329113EF700FAB660 /* ProfileViewController.xib */,
			);
			path = View;
			sourceTree = "<group>";
		};
		845659DD29113AD700FAB660 /* Model */ = {
			isa = PBXGroup;
			children = (
				845659E82912764500FAB660 /* ProductModel.swift */,
			);
			path = Model;
			sourceTree = "<group>";
		};
		845659DE29113AF900FAB660 /* View */ = {
			isa = PBXGroup;
			children = (
				845659EA2912791900FAB660 /* SearchViewController.swift */,
				845659EB2912791900FAB660 /* SearchViewController.xib */,
			);
			path = View;
			sourceTree = "<group>";
		};
		845659DF29113AFE00FAB660 /* ViewModel */ = {
			isa = PBXGroup;
			children = (
				845659F2291284C600FAB660 /* SearchViewModel.swift */,
			);
			path = ViewModel;
			sourceTree = "<group>";
		};
		845659E029113B0500FAB660 /* View */ = {
			isa = PBXGroup;
			children = (
				845659F629128DC600FAB660 /* Products Cell */,
				845659EE29127FD200FAB660 /* ProductsViewController.swift */,
				845659EF29127FD200FAB660 /* ProductsViewController.xib */,
			);
			path = View;
			sourceTree = "<group>";
		};
		845659E129113B0A00FAB660 /* ViewModel */ = {
			isa = PBXGroup;
			children = (
				845659F42912852000FAB660 /* ProductsViewModel.swift */,
			);
			path = ViewModel;
			sourceTree = "<group>";
		};
		845659F629128DC600FAB660 /* Products Cell */ = {
			isa = PBXGroup;
			children = (
				845659F729128DFE00FAB660 /* ProductsCollectionViewCell.swift */,
				845659F829128DFE00FAB660 /* ProductsCollectionViewCell.xib */,
			);
			path = "Products Cell";
			sourceTree = "<group>";
		};
		848C8284290FDD19000C4A9D /* Authentication */ = {
			isa = PBXGroup;
			children = (
				848C8286290FDD19000C4A9D /* View */,
				848C8289290FDD19000C4A9D /* View Model */,
			);
			path = Authentication;
			sourceTree = "<group>";
		};
		848C8286290FDD19000C4A9D /* View */ = {
			isa = PBXGroup;
			children = (
				848C8287290FDD19000C4A9D /* Sign Up */,
				848C8288290FDD19000C4A9D /* Log In */,
				848C828A290FEBEF000C4A9D /* AuthViewController.swift */,
				848C828B290FEBEF000C4A9D /* AuthViewController.xib */,
			);
			path = View;
			sourceTree = "<group>";
		};
		848C8287290FDD19000C4A9D /* Sign Up */ = {
			isa = PBXGroup;
			children = (
				848C828E290FF142000C4A9D /* SignUpViewController.swift */,
				848C828F290FF142000C4A9D /* SignUpViewController.xib */,
			);
			path = "Sign Up";
			sourceTree = "<group>";
		};
		848C8288290FDD19000C4A9D /* Log In */ = {
			isa = PBXGroup;
			children = (
				848C8292290FF165000C4A9D /* LoginViewController.swift */,
				848C8293290FF165000C4A9D /* LoginViewController.xib */,
			);
			path = "Log In";
			sourceTree = "<group>";
		};
		848C8289290FDD19000C4A9D /* View Model */ = {
			isa = PBXGroup;
			children = (
				845659CD29111B6F00FAB660 /* AuthViewModel.swift */,
			);
			path = "View Model";
			sourceTree = "<group>";
		};
		848FD530291316F5009E76A1 /* Frameworks */ = {
			isa = PBXGroup;
			children = (
				848FD531291316F5009E76A1 /* Shop_Try_API.framework */,
			);
			name = Frameworks;
			sourceTree = "<group>";
		};
		84C9EC4C290EC9D300E03526 /* Launch Screen */ = {
			isa = PBXGroup;
			children = (
				846F9CCD290C789900A914C2 /* LaunchScreen.storyboard */,
			);
			path = "Launch Screen";
			sourceTree = "<group>";
		};
		84C9EC4D290EC9E200E03526 /* Delegate */ = {
			isa = PBXGroup;
			children = (
				8446E6F9290A8D03003AED10 /* AppDelegate.swift */,
			);
			path = Delegate;
			sourceTree = "<group>";
		};
		84C9EC4E290EC9E900E03526 /* Assets */ = {
			isa = PBXGroup;
			children = (
				8446E702290A8D04003AED10 /* Assets.xcassets */,
			);
			path = Assets;
			sourceTree = "<group>";
		};
		84C9EC51290EE7E700E03526 /* Onboarding */ = {
			isa = PBXGroup;
			children = (
				84C9EC54290EE99300E03526 /* Controller */,
				84C9EC53290EE98900E03526 /* View */,
			);
			path = Onboarding;
			sourceTree = "<group>";
		};
		84C9EC52290EE7EF00E03526 /* Main */ = {
			isa = PBXGroup;
			children = (
				845659DD29113AD700FAB660 /* Model */,
				845659D929113A1D00FAB660 /* Profile */,
				845659D829113A1700FAB660 /* Search */,
				845659D729113A0E00FAB660 /* Products */,
			);
			path = Main;
			sourceTree = "<group>";
		};
		84C9EC53290EE98900E03526 /* View */ = {
			isa = PBXGroup;
			children = (
				84C9EC55290EE9A000E03526 /* OnboardingView */,
				84E5B72A290EECF100CBB0B6 /* OnboardingViewController.xib */,
			);
			path = View;
			sourceTree = "<group>";
		};
		84C9EC54290EE99300E03526 /* Controller */ = {
			isa = PBXGroup;
			children = (
				84E5B729290EECF100CBB0B6 /* OnboardingViewController.swift */,
			);
			path = Controller;
			sourceTree = "<group>";
		};
		84C9EC55290EE9A000E03526 /* OnboardingView */ = {
			isa = PBXGroup;
			children = (
				84C9EC56290EE9E800E03526 /* OnboardingView.swift */,
				84C9EC57290EE9E800E03526 /* OnboardingView.xib */,
			);
			path = OnboardingView;
			sourceTree = "<group>";
		};
/* End PBXGroup section */

/* Begin PBXNativeTarget section */
		8446E6F5290A8D03003AED10 /* Shop&Try */ = {
			isa = PBXNativeTarget;
			buildConfigurationList = 8446E720290A8D04003AED10 /* Build configuration list for PBXNativeTarget "Shop&Try" */;
			buildPhases = (
				8446E6F2290A8D03003AED10 /* Sources */,
				8446E6F3290A8D03003AED10 /* Frameworks */,
				8446E6F4290A8D03003AED10 /* Resources */,
				848FD534291316F5009E76A1 /* Embed Frameworks */,
			);
			buildRules = (
			);
			dependencies = (
			);
			name = "Shop&Try";
			packageProductDependencies = (
				848C8298290FF829000C4A9D /* IQKeyboardManagerSwift */,
				848C829D290FFD0B000C4A9D /* FirebaseAuth */,
				848C829F290FFD0B000C4A9D /* FirebaseDatabaseSwift */,
				848C82A1290FFD0B000C4A9D /* FirebaseFirestoreSwift */,
				842294B42913FBC300386EA4 /* AlamofireImage */,
			);
			productName = "Shop&Try";
			productReference = 8446E6F6290A8D03003AED10 /* Shop&Try.app */;
			productType = "com.apple.product-type.application";
		};
		8446E70B290A8D04003AED10 /* Shop&TryTests */ = {
			isa = PBXNativeTarget;
			buildConfigurationList = 8446E723290A8D04003AED10 /* Build configuration list for PBXNativeTarget "Shop&TryTests" */;
			buildPhases = (
				8446E708290A8D04003AED10 /* Sources */,
				8446E709290A8D04003AED10 /* Frameworks */,
				8446E70A290A8D04003AED10 /* Resources */,
			);
			buildRules = (
			);
			dependencies = (
				8446E70E290A8D04003AED10 /* PBXTargetDependency */,
			);
			name = "Shop&TryTests";
			productName = "Shop&TryTests";
			productReference = 8446E70C290A8D04003AED10 /* Shop&TryTests.xctest */;
			productType = "com.apple.product-type.bundle.unit-test";
		};
		8446E715290A8D04003AED10 /* Shop&TryUITests */ = {
			isa = PBXNativeTarget;
			buildConfigurationList = 8446E726290A8D04003AED10 /* Build configuration list for PBXNativeTarget "Shop&TryUITests" */;
			buildPhases = (
				8446E712290A8D04003AED10 /* Sources */,
				8446E713290A8D04003AED10 /* Frameworks */,
				8446E714290A8D04003AED10 /* Resources */,
			);
			buildRules = (
			);
			dependencies = (
				8446E718290A8D04003AED10 /* PBXTargetDependency */,
			);
			name = "Shop&TryUITests";
			productName = "Shop&TryUITests";
			productReference = 8446E716290A8D04003AED10 /* Shop&TryUITests.xctest */;
			productType = "com.apple.product-type.bundle.ui-testing";
		};
/* End PBXNativeTarget section */

/* Begin PBXProject section */
		8446E6EE290A8D03003AED10 /* Project object */ = {
			isa = PBXProject;
			attributes = {
				BuildIndependentTargetsInParallel = 1;
				LastSwiftUpdateCheck = 1400;
				LastUpgradeCheck = 1400;
				TargetAttributes = {
					8446E6F5290A8D03003AED10 = {
						CreatedOnToolsVersion = 14.0.1;
					};
					8446E70B290A8D04003AED10 = {
						CreatedOnToolsVersion = 14.0.1;
						TestTargetID = 8446E6F5290A8D03003AED10;
					};
					8446E715290A8D04003AED10 = {
						CreatedOnToolsVersion = 14.0.1;
						TestTargetID = 8446E6F5290A8D03003AED10;
					};
				};
			};
			buildConfigurationList = 8446E6F1290A8D03003AED10 /* Build configuration list for PBXProject "Shop&Try" */;
			compatibilityVersion = "Xcode 14.0";
			developmentRegion = en;
			hasScannedForEncodings = 0;
			knownRegions = (
				en,
				Base,
			);
			mainGroup = 8446E6ED290A8D03003AED10;
			packageReferences = (
				848C8297290FF829000C4A9D /* XCRemoteSwiftPackageReference "IQKeyboardManager" */,
				848C829C290FFD0B000C4A9D /* XCRemoteSwiftPackageReference "firebase-ios-sdk" */,
				842294B32913FBC300386EA4 /* XCRemoteSwiftPackageReference "AlamofireImage" */,
			);
			productRefGroup = 8446E6F7290A8D03003AED10 /* Products */;
			projectDirPath = "";
			projectRoot = "";
			targets = (
				8446E6F5290A8D03003AED10 /* Shop&Try */,
				8446E70B290A8D04003AED10 /* Shop&TryTests */,
				8446E715290A8D04003AED10 /* Shop&TryUITests */,
			);
		};
/* End PBXProject section */

/* Begin PBXResourcesBuildPhase section */
		8446E6F4290A8D03003AED10 /* Resources */ = {
			isa = PBXResourcesBuildPhase;
			buildActionMask = 2147483647;
			files = (
				845659E529113EF700FAB660 /* ProfileViewController.xib in Resources */,
				846F9CCE290C789900A914C2 /* LaunchScreen.storyboard in Resources */,
				848C829B290FFAA8000C4A9D /* GoogleService-Info.plist in Resources */,
				8446E703290A8D04003AED10 /* Assets.xcassets in Resources */,
				845659F129127FD200FAB660 /* ProductsViewController.xib in Resources */,
				848C828D290FEBEF000C4A9D /* AuthViewController.xib in Resources */,
				845659FA29128DFE00FAB660 /* ProductsCollectionViewCell.xib in Resources */,
				84C9EC59290EE9E800E03526 /* OnboardingView.xib in Resources */,
				848C8291290FF142000C4A9D /* SignUpViewController.xib in Resources */,
				848C8295290FF165000C4A9D /* LoginViewController.xib in Resources */,
				845659ED2912791900FAB660 /* SearchViewController.xib in Resources */,
				84E5B72C290EECF100CBB0B6 /* OnboardingViewController.xib in Resources */,
			);
			runOnlyForDeploymentPostprocessing = 0;
		};
		8446E70A290A8D04003AED10 /* Resources */ = {
			isa = PBXResourcesBuildPhase;
			buildActionMask = 2147483647;
			files = (
			);
			runOnlyForDeploymentPostprocessing = 0;
		};
		8446E714290A8D04003AED10 /* Resources */ = {
			isa = PBXResourcesBuildPhase;
			buildActionMask = 2147483647;
			files = (
			);
			runOnlyForDeploymentPostprocessing = 0;
		};
/* End PBXResourcesBuildPhase section */

/* Begin PBXSourcesBuildPhase section */
		8446E6F2290A8D03003AED10 /* Sources */ = {
			isa = PBXSourcesBuildPhase;
			buildActionMask = 2147483647;
			files = (
				845659D62911207D00FAB660 /* CAViewController.swift in Sources */,
				848C8294290FF165000C4A9D /* LoginViewController.swift in Sources */,
				845659F52912852000FAB660 /* ProductsViewModel.swift in Sources */,
				845659F029127FD200FAB660 /* ProductsViewController.swift in Sources */,
				845659E429113EF700FAB660 /* ProfileViewController.swift in Sources */,
				848C828C290FEBEF000C4A9D /* AuthViewController.swift in Sources */,
				84C9EC58290EE9E800E03526 /* OnboardingView.swift in Sources */,
				845659F3291284C600FAB660 /* SearchViewModel.swift in Sources */,
				845659CE29111B6F00FAB660 /* AuthViewModel.swift in Sources */,
				8446E6FA290A8D03003AED10 /* AppDelegate.swift in Sources */,
				845659E92912764500FAB660 /* ProductModel.swift in Sources */,
				845659EC2912791900FAB660 /* SearchViewController.swift in Sources */,
				845659E729113F1600FAB660 /* ProfileViewModel.swift in Sources */,
				845659F929128DFE00FAB660 /* ProductsCollectionViewCell.swift in Sources */,
				84E5B72B290EECF100CBB0B6 /* OnboardingViewController.swift in Sources */,
				845659D42911206600FAB660 /* AlertPresentable.swift in Sources */,
				848C8290290FF142000C4A9D /* SignUpViewController.swift in Sources */,
			);
			runOnlyForDeploymentPostprocessing = 0;
		};
		8446E708290A8D04003AED10 /* Sources */ = {
			isa = PBXSourcesBuildPhase;
			buildActionMask = 2147483647;
			files = (
				8446E711290A8D04003AED10 /* Shop_TryTests.swift in Sources */,
			);
			runOnlyForDeploymentPostprocessing = 0;
		};
		8446E712290A8D04003AED10 /* Sources */ = {
			isa = PBXSourcesBuildPhase;
			buildActionMask = 2147483647;
			files = (
				8446E71D290A8D04003AED10 /* Shop_TryUITestsLaunchTests.swift in Sources */,
				8446E71B290A8D04003AED10 /* Shop_TryUITests.swift in Sources */,
			);
			runOnlyForDeploymentPostprocessing = 0;
		};
/* End PBXSourcesBuildPhase section */

/* Begin PBXTargetDependency section */
		8446E70E290A8D04003AED10 /* PBXTargetDependency */ = {
			isa = PBXTargetDependency;
			target = 8446E6F5290A8D03003AED10 /* Shop&Try */;
			targetProxy = 8446E70D290A8D04003AED10 /* PBXContainerItemProxy */;
		};
		8446E718290A8D04003AED10 /* PBXTargetDependency */ = {
			isa = PBXTargetDependency;
			target = 8446E6F5290A8D03003AED10 /* Shop&Try */;
			targetProxy = 8446E717290A8D04003AED10 /* PBXContainerItemProxy */;
		};
/* End PBXTargetDependency section */

/* Begin XCBuildConfiguration section */
		8446E71E290A8D04003AED10 /* Debug */ = {
			isa = XCBuildConfiguration;
			buildSettings = {
				ALWAYS_SEARCH_USER_PATHS = NO;
				CLANG_ANALYZER_NONNULL = YES;
				CLANG_ANALYZER_NUMBER_OBJECT_CONVERSION = YES_AGGRESSIVE;
				CLANG_CXX_LANGUAGE_STANDARD = "gnu++20";
				CLANG_ENABLE_MODULES = YES;
				CLANG_ENABLE_OBJC_ARC = YES;
				CLANG_ENABLE_OBJC_WEAK = YES;
				CLANG_WARN_BLOCK_CAPTURE_AUTORELEASING = YES;
				CLANG_WARN_BOOL_CONVERSION = YES;
				CLANG_WARN_COMMA = YES;
				CLANG_WARN_CONSTANT_CONVERSION = YES;
				CLANG_WARN_DEPRECATED_OBJC_IMPLEMENTATIONS = YES;
				CLANG_WARN_DIRECT_OBJC_ISA_USAGE = YES_ERROR;
				CLANG_WARN_DOCUMENTATION_COMMENTS = YES;
				CLANG_WARN_EMPTY_BODY = YES;
				CLANG_WARN_ENUM_CONVERSION = YES;
				CLANG_WARN_INFINITE_RECURSION = YES;
				CLANG_WARN_INT_CONVERSION = YES;
				CLANG_WARN_NON_LITERAL_NULL_CONVERSION = YES;
				CLANG_WARN_OBJC_IMPLICIT_RETAIN_SELF = YES;
				CLANG_WARN_OBJC_LITERAL_CONVERSION = YES;
				CLANG_WARN_OBJC_ROOT_CLASS = YES_ERROR;
				CLANG_WARN_QUOTED_INCLUDE_IN_FRAMEWORK_HEADER = YES;
				CLANG_WARN_RANGE_LOOP_ANALYSIS = YES;
				CLANG_WARN_STRICT_PROTOTYPES = YES;
				CLANG_WARN_SUSPICIOUS_MOVE = YES;
				CLANG_WARN_UNGUARDED_AVAILABILITY = YES_AGGRESSIVE;
				CLANG_WARN_UNREACHABLE_CODE = YES;
				CLANG_WARN__DUPLICATE_METHOD_MATCH = YES;
				COPY_PHASE_STRIP = NO;
				DEBUG_INFORMATION_FORMAT = dwarf;
				ENABLE_STRICT_OBJC_MSGSEND = YES;
				ENABLE_TESTABILITY = YES;
				GCC_C_LANGUAGE_STANDARD = gnu11;
				GCC_DYNAMIC_NO_PIC = NO;
				GCC_NO_COMMON_BLOCKS = YES;
				GCC_OPTIMIZATION_LEVEL = 0;
				GCC_PREPROCESSOR_DEFINITIONS = (
					"DEBUG=1",
					"$(inherited)",
				);
				GCC_WARN_64_TO_32_BIT_CONVERSION = YES;
				GCC_WARN_ABOUT_RETURN_TYPE = YES_ERROR;
				GCC_WARN_UNDECLARED_SELECTOR = YES;
				GCC_WARN_UNINITIALIZED_AUTOS = YES_AGGRESSIVE;
				GCC_WARN_UNUSED_FUNCTION = YES;
				GCC_WARN_UNUSED_VARIABLE = YES;
				IPHONEOS_DEPLOYMENT_TARGET = 11.0;
				MTL_ENABLE_DEBUG_INFO = INCLUDE_SOURCE;
				MTL_FAST_MATH = YES;
				ONLY_ACTIVE_ARCH = YES;
				SDKROOT = iphoneos;
				SWIFT_ACTIVE_COMPILATION_CONDITIONS = DEBUG;
				SWIFT_OPTIMIZATION_LEVEL = "-Onone";
			};
			name = Debug;
		};
		8446E71F290A8D04003AED10 /* Release */ = {
			isa = XCBuildConfiguration;
			buildSettings = {
				ALWAYS_SEARCH_USER_PATHS = NO;
				CLANG_ANALYZER_NONNULL = YES;
				CLANG_ANALYZER_NUMBER_OBJECT_CONVERSION = YES_AGGRESSIVE;
				CLANG_CXX_LANGUAGE_STANDARD = "gnu++20";
				CLANG_ENABLE_MODULES = YES;
				CLANG_ENABLE_OBJC_ARC = YES;
				CLANG_ENABLE_OBJC_WEAK = YES;
				CLANG_WARN_BLOCK_CAPTURE_AUTORELEASING = YES;
				CLANG_WARN_BOOL_CONVERSION = YES;
				CLANG_WARN_COMMA = YES;
				CLANG_WARN_CONSTANT_CONVERSION = YES;
				CLANG_WARN_DEPRECATED_OBJC_IMPLEMENTATIONS = YES;
				CLANG_WARN_DIRECT_OBJC_ISA_USAGE = YES_ERROR;
				CLANG_WARN_DOCUMENTATION_COMMENTS = YES;
				CLANG_WARN_EMPTY_BODY = YES;
				CLANG_WARN_ENUM_CONVERSION = YES;
				CLANG_WARN_INFINITE_RECURSION = YES;
				CLANG_WARN_INT_CONVERSION = YES;
				CLANG_WARN_NON_LITERAL_NULL_CONVERSION = YES;
				CLANG_WARN_OBJC_IMPLICIT_RETAIN_SELF = YES;
				CLANG_WARN_OBJC_LITERAL_CONVERSION = YES;
				CLANG_WARN_OBJC_ROOT_CLASS = YES_ERROR;
				CLANG_WARN_QUOTED_INCLUDE_IN_FRAMEWORK_HEADER = YES;
				CLANG_WARN_RANGE_LOOP_ANALYSIS = YES;
				CLANG_WARN_STRICT_PROTOTYPES = YES;
				CLANG_WARN_SUSPICIOUS_MOVE = YES;
				CLANG_WARN_UNGUARDED_AVAILABILITY = YES_AGGRESSIVE;
				CLANG_WARN_UNREACHABLE_CODE = YES;
				CLANG_WARN__DUPLICATE_METHOD_MATCH = YES;
				COPY_PHASE_STRIP = NO;
				DEBUG_INFORMATION_FORMAT = "dwarf-with-dsym";
				ENABLE_NS_ASSERTIONS = NO;
				ENABLE_STRICT_OBJC_MSGSEND = YES;
				GCC_C_LANGUAGE_STANDARD = gnu11;
				GCC_NO_COMMON_BLOCKS = YES;
				GCC_WARN_64_TO_32_BIT_CONVERSION = YES;
				GCC_WARN_ABOUT_RETURN_TYPE = YES_ERROR;
				GCC_WARN_UNDECLARED_SELECTOR = YES;
				GCC_WARN_UNINITIALIZED_AUTOS = YES_AGGRESSIVE;
				GCC_WARN_UNUSED_FUNCTION = YES;
				GCC_WARN_UNUSED_VARIABLE = YES;
				IPHONEOS_DEPLOYMENT_TARGET = 11.0;
				MTL_ENABLE_DEBUG_INFO = NO;
				MTL_FAST_MATH = YES;
				SDKROOT = iphoneos;
				SWIFT_COMPILATION_MODE = wholemodule;
				SWIFT_OPTIMIZATION_LEVEL = "-O";
				VALIDATE_PRODUCT = YES;
			};
			name = Release;
		};
		8446E721290A8D04003AED10 /* Debug */ = {
			isa = XCBuildConfiguration;
			buildSettings = {
				ASSETCATALOG_COMPILER_APPICON_NAME = AppIcon;
				ASSETCATALOG_COMPILER_GLOBAL_ACCENT_COLOR_NAME = AccentColor;
				CODE_SIGN_STYLE = Automatic;
				CURRENT_PROJECT_VERSION = 1;
				DEVELOPMENT_TEAM = 4492JUHH8L;
				GENERATE_INFOPLIST_FILE = YES;
				INFOPLIST_FILE = "Shop&Try/Info.plist";
				INFOPLIST_KEY_UIApplicationSupportsIndirectInputEvents = YES;
				INFOPLIST_KEY_UILaunchStoryboardName = LaunchScreen.storyboard;
				INFOPLIST_KEY_UISupportedInterfaceOrientations_iPad = "UIInterfaceOrientationPortrait UIInterfaceOrientationPortraitUpsideDown UIInterfaceOrientationLandscapeLeft UIInterfaceOrientationLandscapeRight";
				INFOPLIST_KEY_UISupportedInterfaceOrientations_iPhone = "UIInterfaceOrientationPortrait UIInterfaceOrientationLandscapeLeft UIInterfaceOrientationLandscapeRight";
				IPHONEOS_DEPLOYMENT_TARGET = 11.0;
				LD_RUNPATH_SEARCH_PATHS = (
					"$(inherited)",
					"@executable_path/Frameworks",
				);
				MARKETING_VERSION = 1.0;
				PRODUCT_BUNDLE_IDENTIFIER = "com.erayerman.Shop-Try";
				PRODUCT_NAME = "$(TARGET_NAME)";
				SWIFT_EMIT_LOC_STRINGS = YES;
				SWIFT_VERSION = 5.0;
				TARGETED_DEVICE_FAMILY = "1,2";
			};
			name = Debug;
		};
		8446E722290A8D04003AED10 /* Release */ = {
			isa = XCBuildConfiguration;
			buildSettings = {
				ASSETCATALOG_COMPILER_APPICON_NAME = AppIcon;
				ASSETCATALOG_COMPILER_GLOBAL_ACCENT_COLOR_NAME = AccentColor;
				CODE_SIGN_STYLE = Automatic;
				CURRENT_PROJECT_VERSION = 1;
				DEVELOPMENT_TEAM = 4492JUHH8L;
				GENERATE_INFOPLIST_FILE = YES;
				INFOPLIST_FILE = "Shop&Try/Info.plist";
				INFOPLIST_KEY_UIApplicationSupportsIndirectInputEvents = YES;
				INFOPLIST_KEY_UILaunchStoryboardName = LaunchScreen.storyboard;
				INFOPLIST_KEY_UISupportedInterfaceOrientations_iPad = "UIInterfaceOrientationPortrait UIInterfaceOrientationPortraitUpsideDown UIInterfaceOrientationLandscapeLeft UIInterfaceOrientationLandscapeRight";
				INFOPLIST_KEY_UISupportedInterfaceOrientations_iPhone = "UIInterfaceOrientationPortrait UIInterfaceOrientationLandscapeLeft UIInterfaceOrientationLandscapeRight";
				IPHONEOS_DEPLOYMENT_TARGET = 11.0;
				LD_RUNPATH_SEARCH_PATHS = (
					"$(inherited)",
					"@executable_path/Frameworks",
				);
				MARKETING_VERSION = 1.0;
				PRODUCT_BUNDLE_IDENTIFIER = "com.erayerman.Shop-Try";
				PRODUCT_NAME = "$(TARGET_NAME)";
				SWIFT_EMIT_LOC_STRINGS = YES;
				SWIFT_VERSION = 5.0;
				TARGETED_DEVICE_FAMILY = "1,2";
			};
			name = Release;
		};
		8446E724290A8D04003AED10 /* Debug */ = {
			isa = XCBuildConfiguration;
			buildSettings = {
				ALWAYS_EMBED_SWIFT_STANDARD_LIBRARIES = YES;
				BUNDLE_LOADER = "$(TEST_HOST)";
				CODE_SIGN_STYLE = Automatic;
				CURRENT_PROJECT_VERSION = 1;
				DEVELOPMENT_TEAM = 4492JUHH8L;
				GENERATE_INFOPLIST_FILE = YES;
				IPHONEOS_DEPLOYMENT_TARGET = 16.0;
				MARKETING_VERSION = 1.0;
				PRODUCT_BUNDLE_IDENTIFIER = "com.erayerman.Shop-TryTests";
				PRODUCT_NAME = "$(TARGET_NAME)";
				SWIFT_EMIT_LOC_STRINGS = NO;
				SWIFT_VERSION = 5.0;
				TARGETED_DEVICE_FAMILY = "1,2";
				TEST_HOST = "$(BUILT_PRODUCTS_DIR)/Shop&Try.app/$(BUNDLE_EXECUTABLE_FOLDER_PATH)/Shop&Try";
			};
			name = Debug;
		};
		8446E725290A8D04003AED10 /* Release */ = {
			isa = XCBuildConfiguration;
			buildSettings = {
				ALWAYS_EMBED_SWIFT_STANDARD_LIBRARIES = YES;
				BUNDLE_LOADER = "$(TEST_HOST)";
				CODE_SIGN_STYLE = Automatic;
				CURRENT_PROJECT_VERSION = 1;
				DEVELOPMENT_TEAM = 4492JUHH8L;
				GENERATE_INFOPLIST_FILE = YES;
				IPHONEOS_DEPLOYMENT_TARGET = 16.0;
				MARKETING_VERSION = 1.0;
				PRODUCT_BUNDLE_IDENTIFIER = "com.erayerman.Shop-TryTests";
				PRODUCT_NAME = "$(TARGET_NAME)";
				SWIFT_EMIT_LOC_STRINGS = NO;
				SWIFT_VERSION = 5.0;
				TARGETED_DEVICE_FAMILY = "1,2";
				TEST_HOST = "$(BUILT_PRODUCTS_DIR)/Shop&Try.app/$(BUNDLE_EXECUTABLE_FOLDER_PATH)/Shop&Try";
			};
			name = Release;
		};
		8446E727290A8D04003AED10 /* Debug */ = {
			isa = XCBuildConfiguration;
			buildSettings = {
				ALWAYS_EMBED_SWIFT_STANDARD_LIBRARIES = YES;
				CODE_SIGN_STYLE = Automatic;
				CURRENT_PROJECT_VERSION = 1;
				DEVELOPMENT_TEAM = 4492JUHH8L;
				GENERATE_INFOPLIST_FILE = YES;
				MARKETING_VERSION = 1.0;
				PRODUCT_BUNDLE_IDENTIFIER = "com.erayerman.Shop-TryUITests";
				PRODUCT_NAME = "$(TARGET_NAME)";
				SWIFT_EMIT_LOC_STRINGS = NO;
				SWIFT_VERSION = 5.0;
				TARGETED_DEVICE_FAMILY = "1,2";
				TEST_TARGET_NAME = "Shop&Try";
			};
			name = Debug;
		};
		8446E728290A8D04003AED10 /* Release */ = {
			isa = XCBuildConfiguration;
			buildSettings = {
				ALWAYS_EMBED_SWIFT_STANDARD_LIBRARIES = YES;
				CODE_SIGN_STYLE = Automatic;
				CURRENT_PROJECT_VERSION = 1;
				DEVELOPMENT_TEAM = 4492JUHH8L;
				GENERATE_INFOPLIST_FILE = YES;
				MARKETING_VERSION = 1.0;
				PRODUCT_BUNDLE_IDENTIFIER = "com.erayerman.Shop-TryUITests";
				PRODUCT_NAME = "$(TARGET_NAME)";
				SWIFT_EMIT_LOC_STRINGS = NO;
				SWIFT_VERSION = 5.0;
				TARGETED_DEVICE_FAMILY = "1,2";
				TEST_TARGET_NAME = "Shop&Try";
			};
			name = Release;
		};
/* End XCBuildConfiguration section */

/* Begin XCConfigurationList section */
		8446E6F1290A8D03003AED10 /* Build configuration list for PBXProject "Shop&Try" */ = {
			isa = XCConfigurationList;
			buildConfigurations = (
				8446E71E290A8D04003AED10 /* Debug */,
				8446E71F290A8D04003AED10 /* Release */,
			);
			defaultConfigurationIsVisible = 0;
			defaultConfigurationName = Release;
		};
		8446E720290A8D04003AED10 /* Build configuration list for PBXNativeTarget "Shop&Try" */ = {
			isa = XCConfigurationList;
			buildConfigurations = (
				8446E721290A8D04003AED10 /* Debug */,
				8446E722290A8D04003AED10 /* Release */,
			);
			defaultConfigurationIsVisible = 0;
			defaultConfigurationName = Release;
		};
		8446E723290A8D04003AED10 /* Build configuration list for PBXNativeTarget "Shop&TryTests" */ = {
			isa = XCConfigurationList;
			buildConfigurations = (
				8446E724290A8D04003AED10 /* Debug */,
				8446E725290A8D04003AED10 /* Release */,
			);
			defaultConfigurationIsVisible = 0;
			defaultConfigurationName = Release;
		};
		8446E726290A8D04003AED10 /* Build configuration list for PBXNativeTarget "Shop&TryUITests" */ = {
			isa = XCConfigurationList;
			buildConfigurations = (
				8446E727290A8D04003AED10 /* Debug */,
				8446E728290A8D04003AED10 /* Release */,
			);
			defaultConfigurationIsVisible = 0;
			defaultConfigurationName = Release;
		};
/* End XCConfigurationList section */

/* Begin XCRemoteSwiftPackageReference section */
		842294B32913FBC300386EA4 /* XCRemoteSwiftPackageReference "AlamofireImage" */ = {
			isa = XCRemoteSwiftPackageReference;
			repositoryURL = "https://github.com/Alamofire/AlamofireImage.git";
			requirement = {
				kind = upToNextMajorVersion;
				minimumVersion = 4.0.0;
			};
		};
		848C8297290FF829000C4A9D /* XCRemoteSwiftPackageReference "IQKeyboardManager" */ = {
			isa = XCRemoteSwiftPackageReference;
			repositoryURL = "https://github.com/hackiftekhar/IQKeyboardManager.git";
			requirement = {
				kind = upToNextMajorVersion;
				minimumVersion = 6.5.0;
			};
		};
		848C829C290FFD0B000C4A9D /* XCRemoteSwiftPackageReference "firebase-ios-sdk" */ = {
			isa = XCRemoteSwiftPackageReference;
			repositoryURL = "https://github.com/firebase/firebase-ios-sdk";
			requirement = {
				kind = upToNextMajorVersion;
				minimumVersion = 9.0.0;
			};
		};
/* End XCRemoteSwiftPackageReference section */

/* Begin XCSwiftPackageProductDependency section */
		842294B42913FBC300386EA4 /* AlamofireImage */ = {
			isa = XCSwiftPackageProductDependency;
			package = 842294B32913FBC300386EA4 /* XCRemoteSwiftPackageReference "AlamofireImage" */;
			productName = AlamofireImage;
		};
		848C8298290FF829000C4A9D /* IQKeyboardManagerSwift */ = {
			isa = XCSwiftPackageProductDependency;
			package = 848C8297290FF829000C4A9D /* XCRemoteSwiftPackageReference "IQKeyboardManager" */;
			productName = IQKeyboardManagerSwift;
		};
		848C829D290FFD0B000C4A9D /* FirebaseAuth */ = {
			isa = XCSwiftPackageProductDependency;
			package = 848C829C290FFD0B000C4A9D /* XCRemoteSwiftPackageReference "firebase-ios-sdk" */;
			productName = FirebaseAuth;
		};
		848C829F290FFD0B000C4A9D /* FirebaseDatabaseSwift */ = {
			isa = XCSwiftPackageProductDependency;
			package = 848C829C290FFD0B000C4A9D /* XCRemoteSwiftPackageReference "firebase-ios-sdk" */;
			productName = FirebaseDatabaseSwift;
		};
		848C82A1290FFD0B000C4A9D /* FirebaseFirestoreSwift */ = {
			isa = XCSwiftPackageProductDependency;
			package = 848C829C290FFD0B000C4A9D /* XCRemoteSwiftPackageReference "firebase-ios-sdk" */;
			productName = FirebaseFirestoreSwift;
		};
/* End XCSwiftPackageProductDependency section */
	};
	rootObject = 8446E6EE290A8D03003AED10 /* Project object */;
}
